// !$*UTF8*$!
{
	archiveVersion = 1;
	classes = {
	};
	objectVersion = 46;
	objects = {

/* Begin PBXBuildFile section */
		AE51D6201D9FD14D006E70BF /* AppDelegate.swift in Sources */ = {isa = PBXBuildFile; fileRef = AE51D61F1D9FD14D006E70BF /* AppDelegate.swift */; };
		AE51D6221D9FD14D006E70BF /* ViewController.swift in Sources */ = {isa = PBXBuildFile; fileRef = AE51D6211D9FD14D006E70BF /* ViewController.swift */; };
		AE51D6251D9FD14D006E70BF /* Main.storyboard in Resources */ = {isa = PBXBuildFile; fileRef = AE51D6231D9FD14D006E70BF /* Main.storyboard */; };
		AE51D6271D9FD14D006E70BF /* Assets.xcassets in Resources */ = {isa = PBXBuildFile; fileRef = AE51D6261D9FD14D006E70BF /* Assets.xcassets */; };
		AE51D62A1D9FD14D006E70BF /* LaunchScreen.storyboard in Resources */ = {isa = PBXBuildFile; fileRef = AE51D6281D9FD14D006E70BF /* LaunchScreen.storyboard */; };
/* End PBXBuildFile section */

/* Begin PBXFileReference section */
		AE51D61C1D9FD14D006E70BF /* DouYuZhiBo.app */ = {isa = PBXFileReference; explicitFileType = wrapper.application; includeInIndex = 0; path = DouYuZhiBo.app; sourceTree = BUILT_PRODUCTS_DIR; };
		AE51D61F1D9FD14D006E70BF /* AppDelegate.swift */ = {isa = PBXFileReference; lastKnownFileType = sourcecode.swift; path = AppDelegate.swift; sourceTree = "<group>"; };
		AE51D6211D9FD14D006E70BF /* ViewController.swift */ = {isa = PBXFileReference; lastKnownFileType = sourcecode.swift; path = ViewController.swift; sourceTree = "<group>"; };
		AE51D6241D9FD14D006E70BF /* Base */ = {isa = PBXFileReference; lastKnownFileType = file.storyboard; name = Base; path = Base.lproj/Main.storyboard; sourceTree = "<group>"; };
		AE51D6261D9FD14D006E70BF /* Assets.xcassets */ = {isa = PBXFileReference; lastKnownFileType = folder.assetcatalog; path = Assets.xcassets; sourceTree = "<group>"; };
		AE51D6291D9FD14D006E70BF /* Base */ = {isa = PBXFileReference; lastKnownFileType = file.storyboard; name = Base; path = Base.lproj/LaunchScreen.storyboard; sourceTree = "<group>"; };
		AE51D62B1D9FD14D006E70BF /* Info.plist */ = {isa = PBXFileReference; lastKnownFileType = text.plist.xml; path = Info.plist; sourceTree = "<group>"; };
/* End PBXFileReference section */

/* Begin PBXFrameworksBuildPhase section */
		AE51D6191D9FD14D006E70BF /* Frameworks */ = {
			isa = PBXFrameworksBuildPhase;
			buildActionMask = 2147483647;
			files = (
			);
			runOnlyForDeploymentPostprocessing = 0;
		};
/* End PBXFrameworksBuildPhase section */

/* Begin PBXGroup section */
		AE51D6131D9FD14D006E70BF = {
			isa = PBXGroup;
			children = (
				AE51D61E1D9FD14D006E70BF /* DouYuZhiBo */,
				AE51D61D1D9FD14D006E70BF /* Products */,
			);
			sourceTree = "<group>";
		};
		AE51D61D1D9FD14D006E70BF /* Products */ = {
			isa = PBXGroup;
			children = (
				AE51D61C1D9FD14D006E70BF /* DouYuZhiBo.app */,
			);
			name = Products;
			sourceTree = "<group>";
		};
		AE51D61E1D9FD14D006E70BF /* DouYuZhiBo */ = {
			isa = PBXGroup;
			children = (
				AE51D61F1D9FD14D006E70BF /* AppDelegate.swift */,
				AE51D6211D9FD14D006E70BF /* ViewController.swift */,
				AE51D6231D9FD14D006E70BF /* Main.storyboard */,
				AE51D6261D9FD14D006E70BF /* Assets.xcassets */,
				AE51D6281D9FD14D006E70BF /* LaunchScreen.storyboard */,
				AE51D62B1D9FD14D006E70BF /* Info.plist */,
			);
			path = DouYuZhiBo;
			sourceTree = "<group>";
		};
/* End PBXGroup section */

/* Begin PBXNativeTarget section */
		AE51D61B1D9FD14D006E70BF /* DouYuZhiBo */ = {
			isa = PBXNativeTarget;
			buildConfigurationList = AE51D62E1D9FD14D006E70BF /* Build configuration list for PBXNativeTarget "DouYuZhiBo" */;
			buildPhases = (
				AE51D6181D9FD14D006E70BF /* Sources */,
				AE51D6191D9FD14D006E70BF /* Frameworks */,
				AE51D61A1D9FD14D006E70BF /* Resources */,
			);
			buildRules = (
			);
			dependencies = (
			);
			name = DouYuZhiBo;
			productName = DouYuZhiBo;
			productReference = AE51D61C1D9FD14D006E70BF /* DouYuZhiBo.app */;
			productType = "com.apple.product-type.application";
		};
/* End PBXNativeTarget section */

/* Begin PBXProject section */
		AE51D6141D9FD14D006E70BF /* Project object */ = {
			isa = PBXProject;
			attributes = {
				LastSwiftUpdateCheck = 0720;
				LastUpgradeCheck = 0720;
				ORGANIZATIONNAME = "伯爵";
				TargetAttributes = {
					AE51D61B1D9FD14D006E70BF = {
						CreatedOnToolsVersion = 7.2.1;
						DevelopmentTeam = P9F3V66N4J;
					};
				};
			};
			buildConfigurationList = AE51D6171D9FD14D006E70BF /* Build configuration list for PBXProject "DouYuZhiBo" */;
			compatibilityVersion = "Xcode 3.2";
			developmentRegion = English;
			hasScannedForEncodings = 0;
			knownRegions = (
				en,
				Base,
			);
			mainGroup = AE51D6131D9FD14D006E70BF;
			productRefGroup = AE51D61D1D9FD14D006E70BF /* Products */;
			projectDirPath = "";
			projectRoot = "";
			targets = (
				AE51D61B1D9FD14D006E70BF /* DouYuZhiBo */,
			);
		};
/* End PBXProject section */

/* Begin PBXResourcesBuildPhase section */
		AE51D61A1D9FD14D006E70BF /* Resources */ = {
			isa = PBXResourcesBuildPhase;
			buildActionMask = 2147483647;
			files = (
				AE51D62A1D9FD14D006E70BF /* LaunchScreen.storyboard in Resources */,
				AE51D6271D9FD14D006E70BF /* Assets.xcassets in Resources */,
				AE51D6251D9FD14D006E70BF /* Main.storyboard in Resources */,
			);
			runOnlyForDeploymentPostprocessing = 0;
		};
/* End PBXResourcesBuildPhase section */

/* Begin PBXSourcesBuildPhase section */
		AE51D6181D9FD14D006E70BF /* Sources */ = {
			isa = PBXSourcesBuildPhase;
			buildActionMask = 2147483647;
			files = (
				AE51D6221D9FD14D006E70BF /* ViewController.swift in Sources */,
				AE51D6201D9FD14D006E70BF /* AppDelegate.swift in Sources */,
			);
			runOnlyForDeploymentPostprocessing = 0;
		};
/* End PBXSourcesBuildPhase section */

/* Begin PBXVariantGroup section */
		AE51D6231D9FD14D006E70BF /* Main.storyboard */ = {
			isa = PBXVariantGroup;
			children = (
				AE51D6241D9FD14D006E70BF /* Base */,
			);
			name = Main.storyboard;
			sourceTree = "<group>";
		};
		AE51D6281D9FD14D006E70BF /* LaunchScreen.storyboard */ = {
			isa = PBXVariantGroup;
			children = (
				AE51D6291D9FD14D006E70BF /* Base */,
			);
			name = LaunchScreen.storyboard;
			sourceTree = "<group>";
		};
/* End PBXVariantGroup section */

/* Begin XCBuildConfiguration section */
		AE51D62C1D9FD14D006E70BF /* Debug */ = {
			isa = XCBuildConfiguration;
			buildSettings = {
				ALWAYS_SEARCH_USER_PATHS = NO;
				CLANG_CXX_LANGUAGE_STANDARD = "gnu++0x";
				CLANG_CXX_LIBRARY = "libc++";
				CLANG_ENABLE_MODULES = YES;
				CLANG_ENABLE_OBJC_ARC = YES;
				CLANG_WARN_BOOL_CONVERSION = YES;
				CLANG_WARN_CONSTANT_CONVERSION = YES;
				CLANG_WARN_DIRECT_OBJC_ISA_USAGE = YES_ERROR;
				CLANG_WARN_EMPTY_BODY = YES;
				CLANG_WARN_ENUM_CONVERSION = YES;
				CLANG_WARN_INT_CONVERSION = YES;
				CLANG_WARN_OBJC_ROOT_CLASS = YES_ERROR;
				CLANG_WARN_UNREACHABLE_CODE = YES;
				CLANG_WARN__DUPLICATE_METHOD_MATCH = YES;
				"CODE_SIGN_IDENTITY[sdk=iphoneos*]" = "iPhone Developer";
				COPY_PHASE_STRIP = NO;
				DEBUG_INFORMATION_FORMAT = dwarf;
				ENABLE_STRICT_OBJC_MSGSEND = YES;
				ENABLE_TESTABILITY = YES;
				GCC_C_LANGUAGE_STANDARD = gnu99;
				GCC_DYNAMIC_NO_PIC = NO;
				GCC_NO_COMMON_BLOCKS = YES;
				GCC_OPTIMIZATION_LEVEL = 0;
				GCC_PREPROCESSOR_DEFINITIONS = (
					"DEBUG=1",
					"$(inherited)",
				);
				GCC_WARN_64_TO_32_BIT_CONVERSION = YES;
				GCC_WARN_ABOUT_RETURN_TYPE = YES_ERROR;
				GCC_WARN_UNDECLARED_SELECTOR = YES;
				GCC_WARN_UNINITIALIZED_AUTOS = YES_AGGRESSIVE;
				GCC_WARN_UNUSED_FUNCTION = YES;
				GCC_WARN_UNUSED_VARIABLE = YES;
				IPHONEOS_DEPLOYMENT_TARGET = 9.2;
				MTL_ENABLE_DEBUG_INFO = YES;
				ONLY_ACTIVE_ARCH = YES;
				SDKROOT = iphoneos;
				SWIFT_OPTIMIZATION_LEVEL = "-Onone";
			};
			name = Debug;
		};
		AE51D62D1D9FD14D006E70BF /* Release */ = {
			isa = XCBuildConfiguration;
			buildSettings = {
				ALWAYS_SEARCH_USER_PATHS = NO;
				CLANG_CXX_LANGUAGE_STANDARD = "gnu++0x";
				CLANG_CXX_LIBRARY = "libc++";
				CLANG_ENABLE_MODULES = YES;
				CLANG_ENABLE_OBJC_ARC = YES;
				CLANG_WARN_BOOL_CONVERSION = YES;
				CLANG_WARN_CONSTANT_CONVERSION = YES;
				CLANG_WARN_DIRECT_OBJC_ISA_USAGE = YES_ERROR;
				CLANG_WARN_EMPTY_BODY = YES;
				CLANG_WARN_ENUM_CONVERSION = YES;
				CLANG_WARN_INT_CONVERSION = YES;
				CLANG_WARN_OBJC_ROOT_CLASS = YES_ERROR;
				CLANG_WARN_UNREACHABLE_CODE = YES;
				CLANG_WARN__DUPLICATE_METHOD_MATCH = YES;
				"CODE_SIGN_IDENTITY[sdk=iphoneos*]" = "iPhone Developer";
				COPY_PHASE_STRIP = NO;
				DEBUG_INFORMATION_FORMAT = "dwarf-with-dsym";
				ENABLE_NS_ASSERTIONS = NO;
				ENABLE_STRICT_OBJC_MSGSEND = YES;
				GCC_C_LANGUAGE_STANDARD = gnu99;
				GCC_NO_COMMON_BLOCKS = YES;
				GCC_WARN_64_TO_32_BIT_CONVERSION = YES;
				GCC_WARN_ABOUT_RETURN_TYPE = YES_ERROR;
				GCC_WARN_UNDECLARED_SELECTOR = YES;
				GCC_WARN_UNINITIALIZED_AUTOS = YES_AGGRESSIVE;
				GCC_WARN_UNUSED_FUNCTION = YES;
				GCC_WARN_UNUSED_VARIABLE = YES;
				IPHONEOS_DEPLOYMENT_TARGET = 9.2;
				MTL_ENABLE_DEBUG_INFO = NO;
				SDKROOT = iphoneos;
				VALIDATE_PRODUCT = YES;
			};
			name = Release;
		};
		AE51D62F1D9FD14D006E70BF /* Debug */ = {
			isa = XCBuildConfiguration;
			buildSettings = {
				ASSETCATALOG_COMPILER_APPICON_NAME = AppIcon;
				INFOPLIST_FILE = DouYuZhiBo/Info.plist;
				LD_RUNPATH_SEARCH_PATHS = "$(inherited) @executable_path/Frameworks";
				PRODUCT_BUNDLE_IDENTIFIER = bojue.DouYuZhiBo;
				PRODUCT_NAME = "$(TARGET_NAME)";
			};
			name = Debug;
		};
		AE51D6301D9FD14D006E70BF /* Release */ = {
			isa = XCBuildConfiguration;
			buildSettings = {
				ASSETCATALOG_COMPILER_APPICON_NAME = AppIcon;
				INFOPLIST_FILE = DouYuZhiBo/Info.plist;
				LD_RUNPATH_SEARCH_PATHS = "$(inherited) @executable_path/Frameworks";
				PRODUCT_BUNDLE_IDENTIFIER = bojue.DouYuZhiBo;
				PRODUCT_NAME = "$(TARGET_NAME)";
			};
			name = Release;
		};
/* End XCBuildConfiguration section */

/* Begin XCConfigurationList section */
		AE51D6171D9FD14D006E70BF /* Build configuration list for PBXProject "DouYuZhiBo" */ = {
			isa = XCConfigurationList;
			buildConfigurations = (
				AE51D62C1D9FD14D006E70BF /* Debug */,
				AE51D62D1D9FD14D006E70BF /* Release */,
			);
			defaultConfigurationIsVisible = 0;
			defaultConfigurationName = Release;
		};
		AE51D62E1D9FD14D006E70BF /* Build configuration list for PBXNativeTarget "DouYuZhiBo" */ = {
			isa = XCConfigurationList;
			buildConfigurations = (
				AE51D62F1D9FD14D006E70BF /* Debug */,
				AE51D6301D9FD14D006E70BF /* Release */,
			);
			defaultConfigurationIsVisible = 0;
		};
/* End XCConfigurationList section */
	};
	rootObject = AE51D6141D9FD14D006E70BF /* Project object */;
}
